{
  "name": "moba_v2",
  "version": "1.0.0",
  "lockfileVersion": 3,
  "requires": true,
  "packages": {
    "": {
      "name": "moba_v2",
      "version": "1.0.0",
      "dependencies": {
        "phoenix": "file:../deps/phoenix",
        "phoenix_html": "file:../deps/phoenix_html",
        "phoenix_live_view": "file:../deps/phoenix_live_view"
      }
    },
    "../deps/phoenix": {
      "version": "1.7.12",
      "license": "MIT"
    },
    "../deps/phoenix_html": {
      "version": "4.1.0"
    },
    "../deps/phoenix_live_view": {
      "version": "0.20.14",
      "license": "MIT",
      "devDependencies": {
        "@playwright/test": "^1.41.0"
      }
    },
    "node_modules/phoenix": {
      "resolved": "../deps/phoenix",
      "link": true
    },
    "node_modules/phoenix_html": {
      "resolved": "../deps/phoenix_html",
      "link": true
    },
    "node_modules/phoenix_live_view": {
      "resolved": "../deps/phoenix_live_view",
      "link": true
    }
  }
}
